lockfileVersion: '9.0'

settings:
  autoInstallPeers: true
  excludeLinksFromLockfile: false

importers:

  .:
    dependencies:
      '@angular/animations':
        specifier: 17.3.6
        version: 17.3.6(@angular/core@17.3.6(rxjs@7.8.1)(zone.js@0.14.8))
      '@angular/common':
        specifier: 17.3.6
        version: 17.3.6(@angular/core@17.3.6(rxjs@7.8.1)(zone.js@0.14.8))(rxjs@7.8.1)
      '@angular/compiler':
        specifier: 17.3.6
        version: 17.3.6(@angular/core@17.3.6(rxjs@7.8.1)(zone.js@0.14.8))
      '@angular/core':
        specifier: 17.3.6
        version: 17.3.6(rxjs@7.8.1)(zone.js@0.14.8)
      '@angular/fire':
        specifier: 17.0.1
        version: 17.0.1(@angular/common@17.3.6(@angular/core@17.3.6(rxjs@7.8.1)(zone.js@0.14.8))(rxjs@7.8.1))(@angular/core@17.3.6(rxjs@7.8.1)(zone.js@0.14.8))(@angular/platform-browser-dynamic@17.3.6(@angular/common@17.3.6(@angular/core@17.3.6(rxjs@7.8.1)(zone.js@0.14.8))(rxjs@7.8.1))(@angular/compiler@17.3.6(@angular/core@17.3.6(rxjs@7.8.1)(zone.js@0.14.8)))(@angular/core@17.3.6(rxjs@7.8.1)(zone.js@0.14.8))(@angular/platform-browser@17.3.6(@angular/animations@17.3.6(@angular/core@17.3.6(rxjs@7.8.1)(zone.js@0.14.8)))(@angular/common@17.3.6(@angular/core@17.3.6(rxjs@7.8.1)(zone.js@0.14.8))(rxjs@7.8.1))(@angular/core@17.3.6(rxjs@7.8.1)(zone.js@0.14.8))))(@angular/platform-browser@17.3.6(@angular/animations@17.3.6(@angular/core@17.3.6(rxjs@7.8.1)(zone.js@0.14.8)))(@angular/common@17.3.6(@angular/core@17.3.6(rxjs@7.8.1)(zone.js@0.14.8))(rxjs@7.8.1))(@angular/core@17.3.6(rxjs@7.8.1)(zone.js@0.14.8)))(chokidar@3.6.0)(encoding@0.1.13)(rxjs@7.8.1)
      '@angular/forms':
        specifier: 17.3.6
        version: 17.3.6(@angular/common@17.3.6(@angular/core@17.3.6(rxjs@7.8.1)(zone.js@0.14.8))(rxjs@7.8.1))(@angular/core@17.3.6(rxjs@7.8.1)(zone.js@0.14.8))(@angular/platform-browser@17.3.6(@angular/animations@17.3.6(@angular/core@17.3.6(rxjs@7.8.1)(zone.js@0.14.8)))(@angular/common@17.3.6(@angular/core@17.3.6(rxjs@7.8.1)(zone.js@0.14.8))(rxjs@7.8.1))(@angular/core@17.3.6(rxjs@7.8.1)(zone.js@0.14.8)))(rxjs@7.8.1)
      '@angular/localize':
        specifier: 17.3.6
        version: 17.3.6(@angular/compiler-cli@17.3.6(@angular/compiler@17.3.6(@angular/core@17.3.6(rxjs@7.8.1)(zone.js@0.14.8)))(typescript@5.4.5))(@angular/compiler@17.3.6(@angular/core@17.3.6(rxjs@7.8.1)(zone.js@0.14.8)))
      '@angular/platform-browser':
        specifier: 17.3.6
        version: 17.3.6(@angular/animations@17.3.6(@angular/core@17.3.6(rxjs@7.8.1)(zone.js@0.14.8)))(@angular/common@17.3.6(@angular/core@17.3.6(rxjs@7.8.1)(zone.js@0.14.8))(rxjs@7.8.1))(@angular/core@17.3.6(rxjs@7.8.1)(zone.js@0.14.8))
      '@angular/platform-browser-dynamic':
        specifier: 17.3.6
        version: 17.3.6(@angular/common@17.3.6(@angular/core@17.3.6(rxjs@7.8.1)(zone.js@0.14.8))(rxjs@7.8.1))(@angular/compiler@17.3.6(@angular/core@17.3.6(rxjs@7.8.1)(zone.js@0.14.8)))(@angular/core@17.3.6(rxjs@7.8.1)(zone.js@0.14.8))(@angular/platform-browser@17.3.6(@angular/animations@17.3.6(@angular/core@17.3.6(rxjs@7.8.1)(zone.js@0.14.8)))(@angular/common@17.3.6(@angular/core@17.3.6(rxjs@7.8.1)(zone.js@0.14.8))(rxjs@7.8.1))(@angular/core@17.3.6(rxjs@7.8.1)(zone.js@0.14.8)))
      '@angular/platform-server':
        specifier: 17.3.6
        version: 17.3.6(@angular/animations@17.3.6(@angular/core@17.3.6(rxjs@7.8.1)(zone.js@0.14.8)))(@angular/common@17.3.6(@angular/core@17.3.6(rxjs@7.8.1)(zone.js@0.14.8))(rxjs@7.8.1))(@angular/compiler@17.3.6(@angular/core@17.3.6(rxjs@7.8.1)(zone.js@0.14.8)))(@angular/core@17.3.6(rxjs@7.8.1)(zone.js@0.14.8))(@angular/platform-browser@17.3.6(@angular/animations@17.3.6(@angular/core@17.3.6(rxjs@7.8.1)(zone.js@0.14.8)))(@angular/common@17.3.6(@angular/core@17.3.6(rxjs@7.8.1)(zone.js@0.14.8))(rxjs@7.8.1))(@angular/core@17.3.6(rxjs@7.8.1)(zone.js@0.14.8)))
      '@angular/router':
        specifier: 17.3.6
        version: 17.3.6(@angular/common@17.3.6(@angular/core@17.3.6(rxjs@7.8.1)(zone.js@0.14.8))(rxjs@7.8.1))(@angular/core@17.3.6(rxjs@7.8.1)(zone.js@0.14.8))(@angular/platform-browser@17.3.6(@angular/animations@17.3.6(@angular/core@17.3.6(rxjs@7.8.1)(zone.js@0.14.8)))(@angular/common@17.3.6(@angular/core@17.3.6(rxjs@7.8.1)(zone.js@0.14.8))(rxjs@7.8.1))(@angular/core@17.3.6(rxjs@7.8.1)(zone.js@0.14.8)))(rxjs@7.8.1)
      '@angular/ssr':
        specifier: 17.3.6
        version: 17.3.6(@angular/common@17.3.6(@angular/core@17.3.6(rxjs@7.8.1)(zone.js@0.14.8))(rxjs@7.8.1))(@angular/core@17.3.6(rxjs@7.8.1)(zone.js@0.14.8))
      '@ngx-translate/core':
        specifier: ^15.0.0
        version: 15.0.0(@angular/common@17.3.6(@angular/core@17.3.6(rxjs@7.8.1)(zone.js@0.14.8))(rxjs@7.8.1))(@angular/core@17.3.6(rxjs@7.8.1)(zone.js@0.14.8))(rxjs@7.8.1)
      '@ngx-translate/http-loader':
        specifier: ^8.0.0
        version: 8.0.0(@angular/common@17.3.6(@angular/core@17.3.6(rxjs@7.8.1)(zone.js@0.14.8))(rxjs@7.8.1))(@angular/core@17.3.6(rxjs@7.8.1)(zone.js@0.14.8))(@ngx-translate/core@15.0.0(@angular/common@17.3.6(@angular/core@17.3.6(rxjs@7.8.1)(zone.js@0.14.8))(rxjs@7.8.1))(@angular/core@17.3.6(rxjs@7.8.1)(zone.js@0.14.8))(rxjs@7.8.1))(rxjs@7.8.1)
      express:
        specifier: ^4.18.2
        version: 4.19.2
      firebase:
        specifier: ^10.11.1
        version: 10.12.3
      firebase-admin:
        specifier: ^12.1.0
        version: 12.2.0(encoding@0.1.13)
      ng:
        specifier: ^0.0.0
        version: 0.0.0
      rxjs:
        specifier: ~7.8.0
        version: 7.8.1
      tslib:
        specifier: ^2.3.0
        version: 2.6.3
      zone.js:
        specifier: ~0.14.3
        version: 0.14.8
    devDependencies:
      '@angular-devkit/build-angular':
        specifier: 17.3.6
        version: 17.3.6(xjh2tam6w7l5py57xcotctw5qm)
      '@angular/cli':
        specifier: 17.3.6
        version: 17.3.6(chokidar@3.6.0)
      '@angular/compiler-cli':
        specifier: 17.3.6
        version: 17.3.6(@angular/compiler@17.3.6(@angular/core@17.3.6(rxjs@7.8.1)(zone.js@0.14.8)))(typescript@5.4.5)
      '@types/express':
        specifier: ^4.17.17
        version: 4.17.21
      '@types/jasmine':
        specifier: ~5.1.0
        version: 5.1.4
      '@types/node':
        specifier: ^18.18.0
        version: 18.19.41
      jasmine-core:
        specifier: ~5.1.0
        version: 5.1.2
      karma:
        specifier: ~6.4.0
        version: 6.4.3
      karma-chrome-launcher:
        specifier: ~3.2.0
        version: 3.2.0
      karma-coverage:
        specifier: ~2.2.0
        version: 2.2.1
      karma-jasmine:
        specifier: ~5.1.0
        version: 5.1.0(karma@6.4.3)
      karma-jasmine-html-reporter:
        specifier: ~2.1.0
        version: 2.1.0(jasmine-core@5.1.2)(karma-jasmine@5.1.0(karma@6.4.3))(karma@6.4.3)
      typescript:
        specifier: ~5.4.2
        version: 5.4.5

packages:

  '@ampproject/remapping@2.3.0':
    resolution: {integrity: sha512-30iZtAPgz+LTIYoeivqYo853f02jBYSd5uGnGpkFV0M3xOt9aN73erkgYAmZU43x4VfqcnLxW9Kpg3R5LC4YYw==}
    engines: {node: '>=6.0.0'}

  '@angular-devkit/architect@0.1703.6':
    resolution: {integrity: sha512-Ck501FD/QuOjeKVFs7hU92w8+Ffetv0d5Sq09XY2/uygo5c/thMzp9nkevaIWBxUSeU5RqYZizDrhFVgYzbbOw==}
    engines: {node: ^18.13.0 || >=20.9.0, npm: ^6.11.0 || ^7.5.6 || >=8.0.0, yarn: '>= 1.13.0'}

  '@angular-devkit/build-angular@17.3.6':
    resolution: {integrity: sha512-K4CEZvhQZUUOpmXPVoI1YBM8BARbIlqE6FZRxakmnr+YOtVTYE5s+Dr1wgja8hZIohNz6L7j167G9Aut7oPU/w==}
    engines: {node: ^18.13.0 || >=20.9.0, npm: ^6.11.0 || ^7.5.6 || >=8.0.0, yarn: '>= 1.13.0'}
    peerDependencies:
      '@angular/compiler-cli': ^17.0.0
      '@angular/localize': ^17.0.0
      '@angular/platform-server': ^17.0.0
      '@angular/service-worker': ^17.0.0
      '@web/test-runner': ^0.18.0
      browser-sync: ^3.0.2
      jest: ^29.5.0
      jest-environment-jsdom: ^29.5.0
      karma: ^6.3.0
      ng-packagr: ^17.0.0
      protractor: ^7.0.0
      tailwindcss: ^2.0.0 || ^3.0.0
      typescript: '>=5.2 <5.5'
    peerDependenciesMeta:
      '@angular/localize':
        optional: true
      '@angular/platform-server':
        optional: true
      '@angular/service-worker':
        optional: true
      '@web/test-runner':
        optional: true
      browser-sync:
        optional: true
      jest:
        optional: true
      jest-environment-jsdom:
        optional: true
      karma:
        optional: true
      ng-packagr:
        optional: true
      protractor:
        optional: true
      tailwindcss:
        optional: true

  '@angular-devkit/build-webpack@0.1703.6':
    resolution: {integrity: sha512-pJu0et2SiF0kfXenHSTtAART0omzbWpLgBfeUo4hBh4uwX5IaT+mRpYpr8gCXMq+qsjoQp3HobSU3lPDeBn+bg==}
    engines: {node: ^18.13.0 || >=20.9.0, npm: ^6.11.0 || ^7.5.6 || >=8.0.0, yarn: '>= 1.13.0'}
    peerDependencies:
      webpack: ^5.30.0
      webpack-dev-server: ^4.0.0

  '@angular-devkit/core@17.3.6':
    resolution: {integrity: sha512-FVbkT9dEwHEvjnxr4mvMNSMg2bCFoGoP4X68xXU9dhLEUpC05opLvfbaR3Qh543eCJ5AstosBFVzB/krfIkOvA==}
    engines: {node: ^18.13.0 || >=20.9.0, npm: ^6.11.0 || ^7.5.6 || >=8.0.0, yarn: '>= 1.13.0'}
    peerDependencies:
      chokidar: ^3.5.2
    peerDependenciesMeta:
      chokidar:
        optional: true

  '@angular-devkit/core@17.3.8':
    resolution: {integrity: sha512-Q8q0voCGudbdCgJ7lXdnyaxKHbNQBARH68zPQV72WT8NWy+Gw/tys870i6L58NWbBaCJEUcIj/kb6KoakSRu+Q==}
    engines: {node: ^18.13.0 || >=20.9.0, npm: ^6.11.0 || ^7.5.6 || >=8.0.0, yarn: '>= 1.13.0'}
    peerDependencies:
      chokidar: ^3.5.2
    peerDependenciesMeta:
      chokidar:
        optional: true

  '@angular-devkit/schematics@17.3.6':
    resolution: {integrity: sha512-2G1YuPInd8znG7uUgKOS7z72Aku50lTzB/2csWkWPJLAFkh7vKC8QZ40x8S1nC9npVYPhI5CRLX/HVpBh9CyxA==}
    engines: {node: ^18.13.0 || >=20.9.0, npm: ^6.11.0 || ^7.5.6 || >=8.0.0, yarn: '>= 1.13.0'}

  '@angular-devkit/schematics@17.3.8':
    resolution: {integrity: sha512-QRVEYpIfgkprNHc916JlPuNbLzOgrm9DZalHasnLUz4P6g7pR21olb8YCyM2OTJjombNhya9ZpckcADU5Qyvlg==}
    engines: {node: ^18.13.0 || >=20.9.0, npm: ^6.11.0 || ^7.5.6 || >=8.0.0, yarn: '>= 1.13.0'}

  '@angular/animations@17.3.6':
    resolution: {integrity: sha512-ev99cnmc1S/SXYz9OwOyZQyHXHiUf+ZwQFpjYBRPoyKqZV4sOYMlyBbfjBO/GgCVrsGfMvBsCI6PtY3yquuabA==}
    engines: {node: ^18.13.0 || >=20.9.0}
    peerDependencies:
      '@angular/core': 17.3.6

  '@angular/cli@17.3.6':
    resolution: {integrity: sha512-poKaRPeI+hFqX+AxIaEriaIggFVcC3XqlT9E1/uBC2rfHirE1n5F9Z7xqEDtMHduKwLbNXhQIPoKIKya8+Hnew==}
    engines: {node: ^18.13.0 || >=20.9.0, npm: ^6.11.0 || ^7.5.6 || >=8.0.0, yarn: '>= 1.13.0'}
    hasBin: true

  '@angular/common@17.3.6':
    resolution: {integrity: sha512-ufviCFzQQKWcwc2j3Zi8bHbwkvqh4QU6GDH0u0usOee8xd8KrjgcYl3vD0r1/yxlDsd53Wg9kNRvz/fY+5qQoQ==}
    engines: {node: ^18.13.0 || >=20.9.0}
    peerDependencies:
      '@angular/core': 17.3.6
      rxjs: ^6.5.3 || ^7.4.0

  '@angular/compiler-cli@17.3.6':
    resolution: {integrity: sha512-LaoUkY6uzcNocIEHJBvexvuU0a333IRQaG3Sj5IXhM1t864wTsfycn6yWJcQ7PhklB8BtNqiMbUQuEFtkxT8pg==}
    engines: {node: ^18.13.0 || >=20.9.0}
    hasBin: true
    peerDependencies:
      '@angular/compiler': 17.3.6
      typescript: '>=5.2 <5.5'

  '@angular/compiler@17.3.6':
    resolution: {integrity: sha512-ybx9O76RGv4J97IThiSVvvWukuGcuXu50KsBDPUd874BFT3ml0OcRGhXoMh/isz7EQipiiGgsA51cJVTLES5Zw==}
    engines: {node: ^18.13.0 || >=20.9.0}
    peerDependencies:
      '@angular/core': 17.3.6
    peerDependenciesMeta:
      '@angular/core':
        optional: true

  '@angular/core@17.3.6':
    resolution: {integrity: sha512-8IoeZVNqyeHA+H2dR3VFfz76/TFN1BpXP0aABs2aIUNVQRYlKxALSm1UlavijX8IT0uvd/6GXwE3WgymTcg0wg==}
    engines: {node: ^18.13.0 || >=20.9.0}
    peerDependencies:
      rxjs: ^6.5.3 || ^7.4.0
      zone.js: ~0.14.0

  '@angular/fire@17.0.1':
    resolution: {integrity: sha512-bhbogL4m50AKzSVn4kdZX3/2XrYTMvpsgP/4xnTPuMoTFgOrjV24CDc+1lOL+Z0QXRIupj84/Pg4KNFD4lXXzQ==}
    peerDependencies:
      '@angular/common': ^17.0.0
      '@angular/core': ^17.0.0
      '@angular/platform-browser': ^17.0.0
      '@angular/platform-browser-dynamic': ^17.0.0
      firebase-tools: ^13.0.0
      rxjs: ~7.8.0
    peerDependenciesMeta:
      firebase-tools:
        optional: true

  '@angular/forms@17.3.6':
    resolution: {integrity: sha512-WXxWhwvgRfYLNP2dB4Qe83tavEh2LnS4H0uoiecWHXijW2R9z8304X1vEyS1EtQK7o/s8fCVDVDjeY+hxLnCLw==}
    engines: {node: ^18.13.0 || >=20.9.0}
    peerDependencies:
      '@angular/common': 17.3.6
      '@angular/core': 17.3.6
      '@angular/platform-browser': 17.3.6
      rxjs: ^6.5.3 || ^7.4.0

  '@angular/localize@17.3.6':
    resolution: {integrity: sha512-bgXuhCiQoKJUJPj30b5VFApQw2/L34M1vnVI1pYOdcFM0rQbK9EQHqi7kdoz9j2IOdaSOTmVEGRmfxtxyyhZiw==}
    engines: {node: ^18.13.0 || >=20.9.0}
    hasBin: true
    peerDependencies:
      '@angular/compiler': 17.3.6
      '@angular/compiler-cli': 17.3.6

  '@angular/platform-browser-dynamic@17.3.6':
    resolution: {integrity: sha512-dI+mgEROmSll042+XqkSsvkMQe6Et6L9BBiYYe7VbIFaRR9Dz5Pw2SeBLb+Ou+gWaxXc2Wc+13n442WEYWZ7Ew==}
    engines: {node: ^18.13.0 || >=20.9.0}
    peerDependencies:
      '@angular/common': 17.3.6
      '@angular/compiler': 17.3.6
      '@angular/core': 17.3.6
      '@angular/platform-browser': 17.3.6

  '@angular/platform-browser@17.3.6':
    resolution: {integrity: sha512-UikrgvMwtZIXp2pCP5AtkM7ibz2B5wBiGpnhhkYsqHKy9ndKVDA+3B5Z+/j9xeYYdsJAAtHl45zqILewyg+4iw==}
    engines: {node: ^18.13.0 || >=20.9.0}
    peerDependencies:
      '@angular/animations': 17.3.6
      '@angular/common': 17.3.6
      '@angular/core': 17.3.6
    peerDependenciesMeta:
      '@angular/animations':
        optional: true

  '@angular/platform-server@17.3.6':
    resolution: {integrity: sha512-6pRhf5QAaPKHtvfC3tMMhXZgarWRlLJUOlpUpysy4L2n7fYyYHfL0Ku3czUNU59IcvOkD7sCgA4BC0Y4wWETmA==}
    engines: {node: ^18.13.0 || >=20.9.0}
    peerDependencies:
      '@angular/animations': 17.3.6
      '@angular/common': 17.3.6
      '@angular/compiler': 17.3.6
      '@angular/core': 17.3.6
      '@angular/platform-browser': 17.3.6

  '@angular/router@17.3.6':
    resolution: {integrity: sha512-Gws3zukTlPO5lIGP0bmWBkmbRIRKvpPq6vs3BqQlbKsrfBh45SPvIRbx+BSv6WYUchQzfW7DFDXnQtiTEGGQNg==}
    engines: {node: ^18.13.0 || >=20.9.0}
    peerDependencies:
      '@angular/common': 17.3.6
      '@angular/core': 17.3.6
      '@angular/platform-browser': 17.3.6
      rxjs: ^6.5.3 || ^7.4.0

  '@angular/ssr@17.3.6':
    resolution: {integrity: sha512-qn+DPjZCmM0e9mKWv/Tq9n+eEIgTvmdbTOm5/t7ugsCAYDfqK9Oip3++6NymXiVkS92i6QVjXZoE1wx3/SWcYA==}
    peerDependencies:
      '@angular/common': ^17.0.0
      '@angular/core': ^17.0.0

  '@babel/code-frame@7.24.7':
    resolution: {integrity: sha512-BcYH1CVJBO9tvyIZ2jVeXgSIMvGZ2FDRvDdOIVQyuklNKSsx+eppDEBq/g47Ayw+RqNFE+URvOShmf+f/qwAlA==}
    engines: {node: '>=6.9.0'}

  abbrev@2.0.0:
    resolution: {integrity: sha512-6/mh1E2u2YgEsCHdY0Yx5oW+61gZU+1vXaoiHHrpKeuRNNgFvS+/jrwHiQhB5apAf5oB7UB7E19ol2R2LKH8hQ==}
    engines: {node: ^14.17.0 || ^16.13.0 || >=18.0.0}

snapshots:

  '@ampproject/remapping@2.3.0':
    dependencies:
      '@jridgewell/gen-mapping': 0.3.5
      '@jridgewell/trace-mapping': 0.3.25

  '@angular-devkit/architect@0.1703.6(chokidar@3.6.0)':
    dependencies:
      '@angular-devkit/core': 17.3.6(chokidar@3.6.0)
      rxjs: 7.8.1
    transitivePeerDependencies:
      - chokidar

  '@angular-devkit/build-angular@17.3.6(xjh2tam6w7l5py57xcotctw5qm)':
    dependencies:
      '@ampproject/remapping': 2.3.0
      '@angular-devkit/architect': 0.1703.6(chokidar@3.6.0)
      '@angular-devkit/build-webpack': 0.1703.6(chokidar@3.6.0)(webpack-dev-server@4.15.1(webpack@5.90.3))(webpack@5.90.3(esbuild@0.20.1))
      '@angular-devkit/core': 17.3.6(chokidar@3.6.0)
      '@angular/compiler-cli': 17.3.6(@angular/compiler@17.3.6(@angular/core@17.3.6(rxjs@7.8.1)(zone.js@0.14.8)))(typescript@5.4.5)
      '@babel/core': 7.24.0
      '@babel/generator': 7.23.6
      '@babel/helper-annotate-as-pure': 7.22.5
      '@babel/helper-split-export-declaration': 7.22.6
      '@babel/plugin-transform-async-generator-functions': 7.23.9(@babel/core@7.24.0)
      '@babel/plugin-transform-async-to-generator': 7.23.3(@babel/core@7.24.0)
      '@babel/plugin-transform-runtime': 7.24.0(@babel/core@7.24.0)
      '@babel/preset-env': 7.24.0(@babel/core@7.24.0)
      '@babel/runtime': 7.24.0
      '@discoveryjs/json-ext': 0.5.7
      '@ngtools/webpack': 17.3.6(@angular/compiler-cli@17.3.6(@angular/compiler@17.3.6(@angular/core@17.3.6(rxjs@7.8.1)(zone.js@0.14.8)))(typescript@5.4.5))(typescript@5.4.5)(webpack@5.90.3(esbuild@0.20.1))
      '@vitejs/plugin-basic-ssl': 1.1.0(vite@5.1.7(@types/node@18.19.41)(less@4.2.0)(sass@1.71.1)(terser@5.29.1))
      ansi-colors: 4.1.3
      autoprefixer: 10.4.18(postcss@8.4.35)
      babel-loader: 9.1.3(@babel/core@7.24.0)(webpack@5.90.3(esbuild@0.20.1))
      babel-plugin-istanbul: 6.1.1
      browserslist: 4.23.2
      copy-webpack-plugin: 11.0.0(webpack@5.90.3(esbuild@0.20.1))
      critters: 0.0.22
      css-loader: 6.10.0(webpack@5.90.3(esbuild@0.20.1))
      esbuild-wasm: 0.20.1
      fast-glob: 3.3.2
      http-proxy-middleware: 2.0.6(@types/express@4.17.21)
      https-proxy-agent: 7.0.4
      inquirer: 9.2.15
      jsonc-parser: 3.2.1
      karma-source-map-support: 1.4.0
      less: 4.2.0
      less-loader: 11.1.0(less@4.2.0)(webpack@5.90.3(esbuild@0.20.1))
      license-webpack-plugin: 4.0.2(webpack@5.90.3(esbuild@0.20.1))
      loader-utils: 3.2.1
      magic-string: 0.30.8
      mini-css-extract-plugin: 2.8.1(webpack@5.90.3(esbuild@0.20.1))
      mrmime: 2.0.0
      open: 8.4.2
      ora: 5.4.1
      parse5-html-rewriting-stream: 7.0.0
      picomatch: 4.0.1
      piscina: 4.4.0
      postcss: 8.4.35
      postcss-loader: 8.1.1(postcss@8.4.35)(typescript@5.4.5)(webpack@5.90.3(esbuild@0.20.1))
      resolve-url-loader: 5.0.0
      rxjs: 7.8.1
      sass: 1.71.1
      sass-loader: 14.1.1(sass@1.71.1)(webpack@5.90.3(esbuild@0.20.1))
      semver: 7.6.0
      source-map-loader: 5.0.0(webpack@5.90.3(esbuild@0.20.1))
      source-map-support: 0.5.21
      terser: 5.29.1
      tree-kill: 1.2.2
      tslib: 2.6.2
      typescript: 5.4.5
      undici: 6.11.1
      vite: 5.1.7(@types/node@18.19.41)(less@4.2.0)(sass@1.71.1)(terser@5.29.1)
      watchpack: 2.4.0
      webpack: 5.90.3(esbuild@0.20.1)
      webpack-dev-middleware: 6.1.2(webpack@5.90.3(esbuild@0.20.1))
      webpack-dev-server: 4.15.1(webpack@5.90.3)
      webpack-merge: 5.10.0
      webpack-subresource-integrity: 5.1.0(webpack@5.90.3(esbuild@0.20.1))
    optionalDependencies:
      '@angular/localize': 17.3.6(@angular/compiler-cli@17.3.6(@angular/compiler@17.3.6(@angular/core@17.3.6(rxjs@7.8.1)(zone.js@0.14.8)))(typescript@5.4.5))(@angular/compiler@17.3.6(@angular/core@17.3.6(rxjs@7.8.1)(zone.js@0.14.8)))
      '@angular/platform-server': 17.3.6(@angular/animations@17.3.6(@angular/core@17.3.6(rxjs@7.8.1)(zone.js@0.14.8)))(@angular/common@17.3.6(@angular/core@17.3.6(rxjs@7.8.1)(zone.js@0.14.8))(rxjs@7.8.1))(@angular/compiler@17.3.6(@angular/core@17.3.6(rxjs@7.8.1)(zone.js@0.14.8)))(@angular/core@17.3.6(rxjs@7.8.1)(zone.js@0.14.8))(@angular/platform-browser@17.3.6(@angular/animations@17.3.6(@angular/core@17.3.6(rxjs@7.8.1)(zone.js@0.14.8)))(@angular/common@17.3.6(@angular/core@17.3.6(rxjs@7.8.1)(zone.js@0.14.8))(rxjs@7.8.1))(@angular/core@17.3.6(rxjs@7.8.1)(zone.js@0.14.8)))
      esbuild: 0.20.1
      karma: 6.4.3
    transitivePeerDependencies:
      - '@rspack/core'
      - '@swc/core'
      - '@types/express'
      - '@types/node'
      - bufferutil
      - chokidar
      - debug
      - html-webpack-plugin
      - lightningcss
      - node-sass
      - sass-embedded
      - stylus
      - sugarss
      - supports-color
      - uglify-js
      - utf-8-validate
      - webpack-cli

  '@angular-devkit/build-webpack@0.1703.6(chokidar@3.6.0)(webpack-dev-server@4.15.1(webpack@5.90.3))(webpack@5.90.3(esbuild@0.20.1))':
    dependencies:
      '@angular-devkit/architect': 0.1703.6(chokidar@3.6.0)
      rxjs: 7.8.1
      webpack: 5.90.3(esbuild@0.20.1)
      webpack-dev-server: 4.15.1(webpack@5.90.3)
    transitivePeerDependencies:
      - chokidar

  '@angular-devkit/core@17.3.6(chokidar@3.6.0)':
    dependencies:
      ajv: 8.12.0
      ajv-formats: 2.1.1(ajv@8.12.0)
      jsonc-parser: 3.2.1
      picomatch: 4.0.1
      rxjs: 7.8.1
      source-map: 0.7.4
    optionalDependencies:
      chokidar: 3.6.0

  '@angular-devkit/core@17.3.8(chokidar@3.6.0)':
    dependencies:
      ajv: 8.12.0
      ajv-formats: 2.1.1(ajv@8.12.0)
      jsonc-parser: 3.2.1
      picomatch: 4.0.1
      rxjs: 7.8.1
      source-map: 0.7.4
    optionalDependencies:
      chokidar: 3.6.0

  '@angular-devkit/schematics@17.3.6(chokidar@3.6.0)':
    dependencies:
      '@angular-devkit/core': 17.3.6(chokidar@3.6.0)
      jsonc-parser: 3.2.1
      magic-string: 0.30.8
      ora: 5.4.1
      rxjs: 7.8.1
    transitivePeerDependencies:
      - chokidar

  '@angular-devkit/schematics@17.3.8(chokidar@3.6.0)':
    dependencies:
      '@angular-devkit/core': 17.3.8(chokidar@3.6.0)
      jsonc-parser: 3.2.1
      magic-string: 0.30.8
      ora: 5.4.1
      rxjs: 7.8.1
    transitivePeerDependencies:
      - chokidar

  '@angular/animations@17.3.6(@angular/core@17.3.6(rxjs@7.8.1)(zone.js@0.14.8))':
    dependencies:
      '@angular/core': 17.3.6(rxjs@7.8.1)(zone.js@0.14.8)
      tslib: 2.6.3

  '@angular/cli@17.3.6(chokidar@3.6.0)':
    dependencies:
      '@angular-devkit/architect': 0.1703.6(chokidar@3.6.0)
      '@angular-devkit/core': 17.3.6(chokidar@3.6.0)
      '@angular-devkit/schematics': 17.3.6(chokidar@3.6.0)
      '@schematics/angular': 17.3.6(chokidar@3.6.0)
      '@yarnpkg/lockfile': 1.1.0
      ansi-colors: 4.1.3
      ini: 4.1.2
      inquirer: 9.2.15
      jsonc-parser: 3.2.1
      npm-package-arg: 11.0.1
      npm-pick-manifest: 9.0.0
      open: 8.4.2
      ora: 5.4.1
      pacote: 17.0.6
      resolve: 1.22.8
      semver: 7.6.0
      symbol-observable: 4.0.0
      yargs: 17.7.2
    transitivePeerDependencies:
      - bluebird
      - chokidar
      - supports-color

  '@angular/common@17.3.6(@angular/core@17.3.6(rxjs@7.8.1)(zone.js@0.14.8))(rxjs@7.8.1)':
    dependencies:
      '@angular/core': 17.3.6(rxjs@7.8.1)(zone.js@0.14.8)
      rxjs: 7.8.1
      tslib: 2.6.3

  '@angular/compiler-cli@17.3.6(@angular/compiler@17.3.6(@angular/core@17.3.6(rxjs@7.8.1)(zone.js@0.14.8)))(typescript@5.4.5)':
    dependencies:
      '@angular/compiler': 17.3.6(@angular/core@17.3.6(rxjs@7.8.1)(zone.js@0.14.8))
      '@babel/core': 7.23.9
      '@jridgewell/sourcemap-codec': 1.5.0
      chokidar: 3.6.0
      convert-source-map: 1.9.0
      reflect-metadata: 0.2.2
      semver: 7.6.3
      tslib: 2.6.3
      typescript: 5.4.5
      yargs: 17.7.2
    transitivePeerDependencies:
      - supports-color

  '@angular/compiler@17.3.6(@angular/core@17.3.6(rxjs@7.8.1)(zone.js@0.14.8))':
    dependencies:
      tslib: 2.6.3
    optionalDependencies:
      '@angular/core': 17.3.6(rxjs@7.8.1)(zone.js@0.14.8)

  '@angular/core@17.3.6(rxjs@7.8.1)(zone.js@0.14.8)':
    dependencies:
      rxjs: 7.8.1
      tslib: 2.6.3
      zone.js: 0.14.8

  '@angular/fire@17.0.1(@angular/common@17.3.6(@angular/core@17.3.6(rxjs@7.8.1)(zone.js@0.14.8))(rxjs@7.8.1))(@angular/core@17.3.6(rxjs@7.8.1)(zone.js@0.14.8))(@angular/platform-browser-dynamic@17.3.6(@angular/common@17.3.6(@angular/core@17.3.6(rxjs@7.8.1)(zone.js@0.14.8))(rxjs@7.8.1))(@angular/compiler@17.3.6(@angular/core@17.3.6(rxjs@7.8.1)(zone.js@0.14.8)))(@angular/core@17.3.6(rxjs@7.8.1)(zone.js@0.14.8))(@angular/platform-browser@17.3.6(@angular/animations@17.3.6(@angular/core@17.3.6(rxjs@7.8.1)(zone.js@0.14.8)))(@angular/common@17.3.6(@angular/core@17.3.6(rxjs@7.8.1)(zone.js@0.14.8))(rxjs@7.8.1))(@angular/core@17.3.6(rxjs@7.8.1)(zone.js@0.14.8))))(@angular/platform-browser@17.3.6(@angular/animations@17.3.6(@angular/core@17.3.6(rxjs@7.8.1)(zone.js@0.14.8)))(@angular/common@17.3.6(@angular/core@17.3.6(rxjs@7.8.1)(zone.js@0.14.8))(rxjs@7.8.1))(@angular/core@17.3.6(rxjs@7.8.1)(zone.js@0.14.8)))(chokidar@3.6.0)(encoding@0.1.13)(rxjs@7.8.1)':
    dependencies:
      '@angular-devkit/schematics': 17.3.8(chokidar@3.6.0)
      '@angular/common': 17.3.6(@angular/core@17.3.6(rxjs@7.8.1)(zone.js@0.14.8))(rxjs@7.8.1)
      '@angular/core': 17.3.6(rxjs@7.8.1)(zone.js@0.14.8)
      '@angular/platform-browser': 17.3.6(@angular/animations@17.3.6(@angular/core@17.3.6(rxjs@7.8.1)(zone.js@0.14.8)))(@angular/common@17.3.6(@angular/core@17.3.6(rxjs@7.8.1)(zone.js@0.14.8))(rxjs@7.8.1))(@angular/core@17.3.6(rxjs@7.8.1)(zone.js@0.14.8))
      '@angular/platform-browser-dynamic': 17.3.6(@angular/common@17.3.6(@angular/core@17.3.6(rxjs@7.8.1)(zone.js@0.14.8))(rxjs@7.8.1))(@angular/compiler@17.3.6(@angular/core@17.3.6(rxjs@7.8.1)(zone.js@0.14.8)))(@angular/core@17.3.6(rxjs@7.8.1)(zone.js@0.14.8))(@angular/platform-browser@17.3.6(@angular/animations@17.3.6(@angular/core@17.3.6(rxjs@7.8.1)(zone.js@0.14.8)))(@angular/common@17.3.6(@angular/core@17.3.6(rxjs@7.8.1)(zone.js@0.14.8))(rxjs@7.8.1))(@angular/core@17.3.6(rxjs@7.8.1)(zone.js@0.14.8)))
      '@schematics/angular': 17.3.8(chokidar@3.6.0)
      firebase: 10.12.3
      fs-extra: 8.1.0
      fuzzy: 0.1.3
      inquirer: 8.2.6
      inquirer-autocomplete-prompt: 1.4.0(inquirer@8.2.6)
      jsonc-parser: 3.3.1
      node-fetch: 2.7.0(encoding@0.1.13)
      open: 8.4.2
      ora: 5.4.1
      rxfire: 6.0.5(firebase@10.12.3)(rxjs@7.8.1)
      rxjs: 7.8.1
      semver: 7.6.3
      triple-beam: 1.4.1
      tslib: 2.6.3
      winston: 3.13.1
    transitivePeerDependencies:
      - '@react-native-async-storage/async-storage'
      - chokidar
      - encoding

  '@angular/forms@17.3.6(@angular/common@17.3.6(@angular/core@17.3.6(rxjs@7.8.1)(zone.js@0.14.8))(rxjs@7.8.1))(@angular/core@17.3.6(rxjs@7.8.1)(zone.js@0.14.8))(@angular/platform-browser@17.3.6(@angular/animations@17.3.6(@angular/core@17.3.6(rxjs@7.8.1)(zone.js@0.14.8)))(@angular/common@17.3.6(@angular/core@17.3.6(rxjs@7.8.1)(zone.js@0.14.8))(rxjs@7.8.1))(@angular/core@17.3.6(rxjs@7.8.1)(zone.js@0.14.8)))(rxjs@7.8.1)':
    dependencies:
      '@angular/common': 17.3.6(@angular/core@17.3.6(rxjs@7.8.1)(zone.js@0.14.8))(rxjs@7.8.1)
      '@angular/core': 17.3.6(rxjs@7.8.1)(zone.js@0.14.8)
      '@angular/platform-browser': 17.3.6(@angular/animations@17.3.6(@angular/core@17.3.6(rxjs@7.8.1)(zone.js@0.14.8)))(@angular/common@17.3.6(@angular/core@17.3.6(rxjs@7.8.1)(zone.js@0.14.8))(rxjs@7.8.1))(@angular/core@17.3.6(rxjs@7.8.1)(zone.js@0.14.8))
      rxjs: 7.8.1
      tslib: 2.6.3

  '@angular/localize@17.3.6(@angular/compiler-cli@17.3.6(@angular/compiler@17.3.6(@angular/core@17.3.6(rxjs@7.8.1)(zone.js@0.14.8)))(typescript@5.4.5))(@angular/compiler@17.3.6(@angular/core@17.3.6(rxjs@7.8.1)(zone.js@0.14.8)))':
    dependencies:
      '@angular/compiler': 17.3.6(@angular/core@17.3.6(rxjs@7.8.1)(zone.js@0.14.8))
      '@angular/compiler-cli': 17.3.6(@angular/compiler@17.3.6(@angular/core@17.3.6(rxjs@7.8.1)(zone.js@0.14.8)))(typescript@5.4.5)
      '@babel/core': 7.23.9
      '@types/babel__core': 7.20.5
      fast-glob: 3.3.2
      yargs: 17.7.2
    transitivePeerDependencies:
      - supports-color

  '@angular/platform-browser-dynamic@17.3.6(@angular/common@17.3.6(@angular/core@17.3.6(rxjs@7.8.1)(zone.js@0.14.8))(rxjs@7.8.1))(@angular/compiler@17.3.6(@angular/core@17.3.6(rxjs@7.8.1)(zone.js@0.14.8)))(@angular/core@17.3.6(rxjs@7.8.1)(zone.js@0.14.8))(@angular/platform-browser@17.3.6(@angular/animations@17.3.6(@angular/core@17.3.6(rxjs@7.8.1)(zone.js@0.14.8)))(@angular/common@17.3.6(@angular/core@17.3.6(rxjs@7.8.1)(zone.js@0.14.8))(rxjs@7.8.1))(@angular/core@17.3.6(rxjs@7.8.1)(zone.js@0.14.8)))':
    dependencies:
      '@angular/common': 17.3.6(@angular/core@17.3.6(rxjs@7.8.1)(zone.js@0.14.8))(rxjs@7.8.1)
      '@angular/compiler': 17.3.6(@angular/core@17.3.6(rxjs@7.8.1)(zone.js@0.14.8))
      '@angular/core': 17.3.6(rxjs@7.8.1)(zone.js@0.14.8)
      '@angular/platform-browser': 17.3.6(@angular/animations@17.3.6(@angular/core@17.3.6(rxjs@7.8.1)(zone.js@0.14.8)))(@angular/common@17.3.6(@angular/core@17.3.6(rxjs@7.8.1)(zone.js@0.14.8))(rxjs@7.8.1))(@angular/core@17.3.6(rxjs@7.8.1)(zone.js@0.14.8))
      tslib: 2.6.3

  '@angular/platform-browser@17.3.6(@angular/animations@17.3.6(@angular/core@17.3.6(rxjs@7.8.1)(zone.js@0.14.8)))(@angular/common@17.3.6(@angular/core@17.3.6(rxjs@7.8.1)(zone.js@0.14.8))(rxjs@7.8.1))(@angular/core@17.3.6(rxjs@7.8.1)(zone.js@0.14.8))':
    dependencies:
      '@angular/common': 17.3.6(@angular/core@17.3.6(rxjs@7.8.1)(zone.js@0.14.8))(rxjs@7.8.1)
      '@angular/core': 17.3.6(rxjs@7.8.1)(zone.js@0.14.8)
      tslib: 2.6.3
    optionalDependencies:
      '@angular/animations': 17.3.6(@angular/core@17.3.6(rxjs@7.8.1)(zone.js@0.14.8))

  '@angular/platform-server@17.3.6(@angular/animations@17.3.6(@angular/core@17.3.6(rxjs@7.8.1)(zone.js@0.14.8)))(@angular/common@17.3.6(@angular/core@17.3.6(rxjs@7.8.1)(zone.js@0.14.8))(rxjs@7.8.1))(@angular/compiler@17.3.6(@angular/core@17.3.6(rxjs@7.8.1)(zone.js@0.14.8)))(@angular/core@17.3.6(rxjs@7.8.1)(zone.js@0.14.8))(@angular/platform-browser@17.3.6(@angular/animations@17.3.6(@angular/core@17.3.6(rxjs@7.8.1)(zone.js@0.14.8)))(@angular/common@17.3.6(@angular/core@17.3.6(rxjs@7.8.1)(zone.js@0.14.8))(rxjs@7.8.1))(@angular/core@17.3.6(rxjs@7.8.1)(zone.js@0.14.8)))':
    dependencies:
      '@angular/animations': 17.3.6(@angular/core@17.3.6(rxjs@7.8.1)(zone.js@0.14.8))
      '@angular/common': 17.3.6(@angular/core@17.3.6(rxjs@7.8.1)(zone.js@0.14.8))(rxjs@7.8.1)
      '@angular/compiler': 17.3.6(@angular/core@17.3.6(rxjs@7.8.1)(zone.js@0.14.8))
      '@angular/core': 17.3.6(rxjs@7.8.1)(zone.js@0.14.8)
      '@angular/platform-browser': 17.3.6(@angular/animations@17.3.6(@angular/core@17.3.6(rxjs@7.8.1)(zone.js@0.14.8)))(@angular/common@17.3.6(@angular/core@17.3.6(rxjs@7.8.1)(zone.js@0.14.8))(rxjs@7.8.1))(@angular/core@17.3.6(rxjs@7.8.1)(zone.js@0.14.8))
      tslib: 2.6.3
      xhr2: 0.2.1

  '@angular/router@17.3.6(@angular/common@17.3.6(@angular/core@17.3.6(rxjs@7.8.1)(zone.js@0.14.8))(rxjs@7.8.1))(@angular/core@17.3.6(rxjs@7.8.1)(zone.js@0.14.8))(@angular/platform-browser@17.3.6(@angular/animations@17.3.6(@angular/core@17.3.6(rxjs@7.8.1)(zone.js@0.14.8)))(@angular/common@17.3.6(@angular/core@17.3.6(rxjs@7.8.1)(zone.js@0.14.8))(rxjs@7.8.1))(@angular/core@17.3.6(rxjs@7.8.1)(zone.js@0.14.8)))(rxjs@7.8.1)':
    dependencies:
      '@angular/common': 17.3.6(@angular/core@17.3.6(rxjs@7.8.1)(zone.js@0.14.8))(rxjs@7.8.1)
      '@angular/core': 17.3.6(rxjs@7.8.1)(zone.js@0.14.8)
      '@angular/platform-browser': 17.3.6(@angular/animations@17.3.6(@angular/core@17.3.6(rxjs@7.8.1)(zone.js@0.14.8)))(@angular/common@17.3.6(@angular/core@17.3.6(rxjs@7.8.1)(zone.js@0.14.8))(rxjs@7.8.1))(@angular/core@17.3.6(rxjs@7.8.1)(zone.js@0.14.8))
      rxjs: 7.8.1
      tslib: 2.6.3

  '@angular/ssr@17.3.6(@angular/common@17.3.6(@angular/core@17.3.6(rxjs@7.8.1)(zone.js@0.14.8))(rxjs@7.8.1))(@angular/core@17.3.6(rxjs@7.8.1)(zone.js@0.14.8))':
    dependencies:
      '@angular/common': 17.3.6(@angular/core@17.3.6(rxjs@7.8.1)(zone.js@0.14.8))(rxjs@7.8.1)
      '@angular/core': 17.3.6(rxjs@7.8.1)(zone.js@0.14.8)
      critters: 0.0.22
      tslib: 2.6.3

  '@babel/code-frame@7.24.7':
    dependencies:
      '@babel/highlight': 7.24.7
      picocolors: 1.0.1

  firebase-admin@12.2.0(encoding@0.1.13):
    dependencies:
      '@fastify/busboy': 2.1.1
      '@firebase/database-compat': 1.0.6
      '@firebase/database-types': 1.0.4
      '@types/node': 20.14.11
      farmhash-modern: 1.1.0
      jsonwebtoken: 9.0.2
      jwks-rsa: 3.1.0
      long: 5.2.3
      node-forge: 1.3.1
      uuid: 10.0.0
    optionalDependencies:
      '@google-cloud/firestore': 7.9.0(encoding@0.1.13)
      '@google-cloud/storage': 7.12.0(encoding@0.1.13)
    transitivePeerDependencies:
      - encoding
      - supports-color

  firebase@10.12.3:
    dependencies:
      '@firebase/analytics': 0.10.5(@firebase/app@0.10.6)
      '@firebase/analytics-compat': 0.2.11(@firebase/app-compat@0.2.36)(@firebase/app@0.10.6)
      '@firebase/app': 0.10.6
      '@firebase/app-check': 0.8.5(@firebase/app@0.10.6)
      '@firebase/app-check-compat': 0.3.12(@firebase/app-compat@0.2.36)(@firebase/app@0.10.6)
      '@firebase/app-compat': 0.2.36
      '@firebase/app-types': 0.9.2
      '@firebase/auth': 1.7.5(@firebase/app@0.10.6)
      '@firebase/auth-compat': 0.5.10(@firebase/app-compat@0.2.36)(@firebase/app-types@0.9.2)(@firebase/app@0.10.6)
      '@firebase/database': 1.0.6
      '@firebase/database-compat': 1.0.6
      '@firebase/firestore': 4.6.4(@firebase/app@0.10.6)
      '@firebase/firestore-compat': 0.3.33(@firebase/app-compat@0.2.36)(@firebase/app-types@0.9.2)(@firebase/app@0.10.6)
      '@firebase/functions': 0.11.6(@firebase/app@0.10.6)
      '@firebase/functions-compat': 0.3.12(@firebase/app-compat@0.2.36)(@firebase/app@0.10.6)
      '@firebase/installations': 0.6.8(@firebase/app@0.10.6)
      '@firebase/installations-compat': 0.2.8(@firebase/app-compat@0.2.36)(@firebase/app-types@0.9.2)(@firebase/app@0.10.6)
      '@firebase/messaging': 0.12.10(@firebase/app@0.10.6)
      '@firebase/messaging-compat': 0.2.10(@firebase/app-compat@0.2.36)(@firebase/app@0.10.6)
      '@firebase/performance': 0.6.8(@firebase/app@0.10.6)
      '@firebase/performance-compat': 0.2.8(@firebase/app-compat@0.2.36)(@firebase/app@0.10.6)
      '@firebase/remote-config': 0.4.8(@firebase/app@0.10.6)
      '@firebase/remote-config-compat': 0.2.8(@firebase/app-compat@0.2.36)(@firebase/app@0.10.6)
      '@firebase/storage': 0.12.6(@firebase/app@0.10.6)
      '@firebase/storage-compat': 0.3.9(@firebase/app-compat@0.2.36)(@firebase/app-types@0.9.2)(@firebase/app@0.10.6)
      '@firebase/util': 1.9.7
      '@firebase/vertexai-preview': 0.0.3(@firebase/app-types@0.9.2)(@firebase/app@0.10.6)
    transitivePeerDependencies:
      - '@react-native-async-storage/async-storage'

  zone.js@0.14.8: {}
