# This file is generated by running "yarn install" inside your project.
# Manual changes might be lost - proceed with caution!

__metadata:
  version: 8
  cacheKey: 10c0

"@next/env@npm:14.1.4":
  version: 14.1.4
  resolution: "@next/env@npm:14.1.4"
  checksum: 10c0/35f5e817bb47993565bc4b2b9961f9697e0f08b05bc008984de7e89c3626f4ef6db314629a52302786b2f386539005666b7ad56b441e45cc79b0a49835f8062b
  languageName: node
  linkType: hard

"@next/eslint-plugin-next@npm:14.1.4":
  version: 14.1.4
  resolution: "@next/eslint-plugin-next@npm:14.1.4"
  dependencies:
    glob: "npm:10.3.10"
  checksum: 10c0/fb49237153bf528ef3939e1ceae0f658e44abcf0ca155d8042c7961f523e4d9aeba3de18532b633734f3b5524b644e9c3c5187089e0d400896c1c35812bbbdd3
  languageName: node
  linkType: hard

"@next/swc-darwin-arm64@npm:14.1.4":
  version: 14.1.4
  resolution: "@next/swc-darwin-arm64@npm:14.1.4"
  conditions: os=darwin & cpu=arm64
  languageName: node
  linkType: hard

"@next/swc-darwin-x64@npm:14.1.4":
  version: 14.1.4
  resolution: "@next/swc-darwin-x64@npm:14.1.4"
  conditions: os=darwin & cpu=x64
  languageName: node
  linkType: hard

"@next/swc-linux-arm64-gnu@npm:14.1.4":
  version: 14.1.4
  resolution: "@next/swc-linux-arm64-gnu@npm:14.1.4"
  conditions: os=linux & cpu=arm64 & libc=glibc
  languageName: node
  linkType: hard

"@next/swc-linux-arm64-musl@npm:14.1.4":
  version: 14.1.4
  resolution: "@next/swc-linux-arm64-musl@npm:14.1.4"
  conditions: os=linux & cpu=arm64 & libc=musl
  languageName: node
  linkType: hard

"@next/swc-linux-x64-gnu@npm:14.1.4":
  version: 14.1.4
  resolution: "@next/swc-linux-x64-gnu@npm:14.1.4"
  conditions: os=linux & cpu=x64 & libc=glibc
  languageName: node
  linkType: hard

"@next/swc-linux-x64-musl@npm:14.1.4":
  version: 14.1.4
  resolution: "@next/swc-linux-x64-musl@npm:14.1.4"
  conditions: os=linux & cpu=x64 & libc=musl
  languageName: node
  linkType: hard

"@next/swc-win32-arm64-msvc@npm:14.1.4":
  version: 14.1.4
  resolution: "@next/swc-win32-arm64-msvc@npm:14.1.4"
  conditions: os=win32 & cpu=arm64
  languageName: node
  linkType: hard

"@next/swc-win32-ia32-msvc@npm:14.1.4":
  version: 14.1.4
  resolution: "@next/swc-win32-ia32-msvc@npm:14.1.4"
  conditions: os=win32 & cpu=ia32
  languageName: node
  linkType: hard

"@next/swc-win32-x64-msvc@npm:14.1.4":
  version: 14.1.4
  resolution: "@next/swc-win32-x64-msvc@npm:14.1.4"
  conditions: os=win32 & cpu=x64
  languageName: node
  linkType: hard

"next@npm:14.1.4":
  version: 14.1.4
  resolution: "next@npm:14.1.4"
  dependencies:
    "@next/env": "npm:14.1.4"
    "@next/swc-darwin-arm64": "npm:14.1.4"
    "@next/swc-darwin-x64": "npm:14.1.4"
    "@next/swc-linux-arm64-gnu": "npm:14.1.4"
    "@next/swc-linux-arm64-musl": "npm:14.1.4"
    "@next/swc-linux-x64-gnu": "npm:14.1.4"
    "@next/swc-linux-x64-musl": "npm:14.1.4"
    "@next/swc-win32-arm64-msvc": "npm:14.1.4"
    "@next/swc-win32-ia32-msvc": "npm:14.1.4"
    "@next/swc-win32-x64-msvc": "npm:14.1.4"
    "@swc/helpers": "npm:0.5.2"
    busboy: "npm:1.6.0"
    caniuse-lite: "npm:^1.0.30001579"
    graceful-fs: "npm:^4.2.11"
    postcss: "npm:8.4.31"
    styled-jsx: "npm:5.1.1"
  peerDependencies:
    "@opentelemetry/api": ^1.1.0
    react: ^18.2.0
    react-dom: ^18.2.0
    sass: ^1.3.0
  dependenciesMeta:
    "@next/swc-darwin-arm64":
      optional: true
    "@next/swc-darwin-x64":
      optional: true
    "@next/swc-linux-arm64-gnu":
      optional: true
    "@next/swc-linux-arm64-musl":
      optional: true
    "@next/swc-linux-x64-gnu":
      optional: true
    "@next/swc-linux-x64-musl":
      optional: true
    "@next/swc-win32-arm64-msvc":
      optional: true
    "@next/swc-win32-ia32-msvc":
      optional: true
    "@next/swc-win32-x64-msvc":
      optional: true
  peerDependenciesMeta:
    "@opentelemetry/api":
      optional: true
    sass:
      optional: true
  bin:
    next: dist/bin/next
  checksum: 10c0/7576d7af913f6e24997126b1b13c9bfd0de926ecce72b16944f9f9ba221a3563d3a16b13d7aad7774a428462534afe71879ea0ca5ad80cc9075f08773d13a3b1
  languageName: node
  linkType: hard

"yocto-queue@npm:^0.1.0":
  version: 0.1.0
  resolution: "yocto-queue@npm:0.1.0"
  checksum: 10c0/dceb44c28578b31641e13695d200d34ec4ab3966a5729814d5445b194933c096b7ced71494ce53a0e8820685d1d010df8b2422e5bf2cdea7e469d97ffbea306f
  languageName: node
  linkType: hard
