# THIS IS AN AUTOGENERATED FILE. DO NOT EDIT THIS FILE DIRECTLY.
# yarn lockfile v1


"@eslint-community/eslint-utils@^4.2.0":
  version "4.4.0"
  resolved "https://registry.npmjs.org/@eslint-community/eslint-utils/-/eslint-utils-4.4.0.tgz"
  integrity sha512-1/sA4dwrzBAyeUoQ6oxahHKmrZvsnLCg4RfxW3ZFGGmQkSNQPFNLV9CUEFQP1x9EYXHTo5p6xdhZM1Ne9p/AfA==
  dependencies:
    eslint-visitor-keys "^3.3.0"

"@next/env@14.1.4":
  version "14.1.4"
  resolved "https://registry.npmjs.org/@next/env/-/env-14.1.4.tgz"
  integrity sha512-e7X7bbn3Z6DWnDi75UWn+REgAbLEqxI8Tq2pkFOFAMpWAWApz/YCUhtWMWn410h8Q2fYiYL7Yg5OlxMOCfFjJQ==

next@14.1.4:
  version "14.1.4"
  resolved "https://registry.npmjs.org/next/-/next-14.1.4.tgz"
  integrity sha512-1WTaXeSrUwlz/XcnhGTY7+8eiaFvdet5z9u3V2jb+Ek1vFo0VhHKSAIJvDWfQpttWjnyw14kBeq28TPq7bTeEQ==
  dependencies:
    "@next/env" "14.1.4"
    "@swc/helpers" "0.5.2"
    busboy "1.6.0"
    caniuse-lite "^1.0.30001579"
    graceful-fs "^4.2.11"
    postcss "8.4.31"
    styled-jsx "5.1.1"
  optionalDependencies:
    "@next/swc-darwin-arm64" "14.1.4"
