# THIS IS AN AUTOGENERATED FILE. DO NOT EDIT THIS FILE DIRECTLY.
# yarn lockfile v1


"@arr/every@^1.0.0":
  version "1.0.1"
  resolved "https://registry.yarnpkg.com/@arr/every/-/every-1.0.1.tgz#22fe1f8e6355beca6c7c7bde965eb15cf994387b"
  integrity sha512-UQFQ6SgyJ6LX42W8rHCs8KVc0JS0tzVL9ct4XYedJukskYVWTo49tNiMEK9C2HTyarbNiT/RVIRSY82vH+6sTg==

"@polka/url@^0.5.0":
  version "0.5.0"
  resolved "https://registry.yarnpkg.com/@polka/url/-/url-0.5.0.tgz#b21510597fd601e5d7c95008b76bf0d254ebfd31"
  integrity sha512-oZLYFEAzUKyi3SKnXvj32ZCEGH6RDnao7COuCVhDydMS9NrCSVXhM79VaKyP5+Zc33m0QXEd2DN3UkU7OsHcfw==

"@types/body-parser@*":
  version "1.17.1"
  resolved "https://registry.yarnpkg.com/@types/body-parser/-/body-parser-1.17.1.tgz#18fcf61768fb5c30ccc508c21d6fd2e8b3bf7897"
  integrity sha512-RoX2EZjMiFMjZh9lmYrwgoP9RTpAjSHiJxdp4oidAQVO02T7HER3xj9UKue5534ULWeqVEkujhWcyvUce+d68w==
  dependencies:
    "@types/connect" "*"
    "@types/node" "*"

"@types/connect@*":
  version "3.4.33"
  resolved "https://registry.yarnpkg.com/@types/connect/-/connect-3.4.33.tgz#31610c901eca573b8713c3330abc6e6b9f588546"
  integrity sha512-2+FrkXY4zllzTNfJth7jOqEHC+enpLeGslEhpnTAkg21GkRrWV4SsAtqchtT4YS9/nODBU2/ZfsBY2X4J/dX7A==
  dependencies:
    "@types/node" "*"

"@types/express-serve-static-core@*":
  version "4.17.2"
  resolved "https://registry.yarnpkg.com/@types/express-serve-static-core/-/express-serve-static-core-4.17.2.tgz#f6f41fa35d42e79dbf6610eccbb2637e6008a0cf"
  integrity sha512-El9yMpctM6tORDAiBwZVLMcxoTMcqqRO9dVyYcn7ycLWbvR8klrDn8CAOwRfZujZtWD7yS/mshTdz43jMOejbg==
  dependencies:
    "@types/node" "*"
    "@types/range-parser" "*"

"@types/express@^4.16.0":
  version "4.17.2"
  resolved "https://registry.yarnpkg.com/@types/express/-/express-4.17.2.tgz#a0fb7a23d8855bac31bc01d5a58cadd9b2173e6c"
  integrity sha512-5mHFNyavtLoJmnusB8OKJ5bshSzw+qkMIBAobLrIM48HJvunFva9mOa6aBwh64lBFyNwBbs0xiEFuj4eU/NjCA==
  dependencies:
    "@types/body-parser" "*"
    "@types/express-serve-static-core" "*"
    "@types/serve-static" "*"

"@types/mime@*":
  version "2.0.1"
  resolved "https://registry.yarnpkg.com/@types/mime/-/mime-2.0.1.tgz#dc488842312a7f075149312905b5e3c0b054c79d"
  integrity sha512-FwI9gX75FgVBJ7ywgnq/P7tw+/o1GUbtP0KzbtusLigAOgIgNISRK0ZPl4qertvXSIE8YbsVJueQ90cDt9YYyw==

"@types/node@*":
  version "13.5.3"
  resolved "https://registry.yarnpkg.com/@types/node/-/node-13.5.3.tgz#37f1f539b7535b9fb4ef77d59db1847a837b7f17"
  integrity sha512-ZPnWX9PW992w6DUsz3JIXHaSb5v7qmKCVzC3km6SxcDGxk7zmLfYaCJTbktIa5NeywJkkZDhGldKqDIvC5DRrA==

"@types/range-parser@*":
  version "1.2.3"
  resolved "https://registry.yarnpkg.com/@types/range-parser/-/range-parser-1.2.3.tgz#7ee330ba7caafb98090bece86a5ee44115904c2c"
  integrity sha512-ewFXqrQHlFsgc09MK5jP5iR7vumV/BYayNC6PgJO2LPe8vrnNFyjQjSppfEngITi0qvfKtzFvgKymGheFM9UOA==

"@types/serve-static@*":
  version "1.13.3"
  resolved "https://registry.yarnpkg.com/@types/serve-static/-/serve-static-1.13.3.tgz#eb7e1c41c4468272557e897e9171ded5e2ded9d1"
  integrity sha512-oprSwp094zOglVrXdlo/4bAHtKTAxX6VT8FOZlBKrmyLbNvE1zxZyJ6yikMVtHIvwP45+ZQGJn+FdXGKTozq0g==
  dependencies:
    "@types/express-serve-static-core" "*"
    "@types/mime" "*"

matchit@^1.0.0:
  version "1.0.8"
  resolved "https://registry.yarnpkg.com/matchit/-/matchit-1.0.8.tgz#9a129e38f79b2053dd75339215b19e1f6bb88efb"
  integrity sha512-CwPPICzozd/ezCzpVwGYG5bMVieaapnA0vvHDQnmQ2u2vZtVLynoPmvFsZjL67hFOvTBhhpqSR0bq3uloDP/Rw==
  dependencies:
    "@arr/every" "^1.0.0"

polka@^0.5.2:
  version "0.5.2"
  resolved "https://registry.yarnpkg.com/polka/-/polka-0.5.2.tgz#588bee0c5806dbc6c64958de3a1251860e9f2e26"
  integrity sha512-FVg3vDmCqP80tOrs+OeNlgXYmFppTXdjD5E7I4ET1NjvtNmQrb1/mJibybKkb/d4NA7YWAr1ojxuhpL3FHqdlw==
  dependencies:
    "@polka/url" "^0.5.0"
    trouter "^2.0.1"

trouter@^2.0.1:
  version "2.0.1"
  resolved "https://registry.yarnpkg.com/trouter/-/trouter-2.0.1.tgz#2726a5f8558e090d24c3a393f09eaab1df232df6"
  integrity sha512-kr8SKKw94OI+xTGOkfsvwZQ8mWoikZDd2n8XZHjJVZUARZT+4/VV6cacRS6CLsH9bNm+HFIPU1Zx4CnNnb4qlQ==
  dependencies:
    matchit "^1.0.0"

typescript@^3.0.1:
  version "3.7.5"
  resolved "https://registry.yarnpkg.com/typescript/-/typescript-3.7.5.tgz#0692e21f65fd4108b9330238aac11dd2e177a1ae"
  integrity sha512-/P5lkRXkWHNAbcJIiHPfRoKqyd7bsyCma1hZNUGfn20qm64T6ZBlrzprymeu918H+mB/0rIg2gGK/BXkhhYgBw==
